// !$*UTF8*$!
{
	archiveVersion = 1;
	classes = {
	};
	objectVersion = 46;
	objects = {

/* Begin PBXBuildFile section */
		8F29ADEB135FE3BE000BAAD1 /* main.cpp in Sources */ = {isa = PBXBuildFile; fileRef = 8F29ADEA135FE3BE000BAAD1 /* main.cpp */; };
		8F29ADF4135FE47E000BAAD1 /* NetworkingAPI.cpp in Sources */ = {isa = PBXBuildFile; fileRef = 8F29ADF2135FE47E000BAAD1 /* NetworkingAPI.cpp */; };
/* End PBXBuildFile section */

/* Begin PBXCopyFilesBuildPhase section */
		8F29ADE4135FE3BE000BAAD1 /* CopyFiles */ = {
			isa = PBXCopyFilesBuildPhase;
			buildActionMask = 2147483647;
			dstPath = /usr/share/man/man1/;
			dstSubfolderSpec = 0;
			files = (
			);
			runOnlyForDeploymentPostprocessing = 1;
		};
/* End PBXCopyFilesBuildPhase section */

/* Begin PBXFileReference section */
		8F29ADE6135FE3BE000BAAD1 /* Hostess */ = {isa = PBXFileReference; explicitFileType = "compiled.mach-o.executable"; includeInIndex = 0; path = Hostess; sourceTree = BUILT_PRODUCTS_DIR; };
		8F29ADEA135FE3BE000BAAD1 /* main.cpp */ = {isa = PBXFileReference; lastKnownFileType = sourcecode.cpp.cpp; path = main.cpp; sourceTree = "<group>"; };
		8F29ADEC135FE3BE000BAAD1 /* Hostess.1 */ = {isa = PBXFileReference; lastKnownFileType = text.man; path = Hostess.1; sourceTree = "<group>"; };
		8F29ADF2135FE47E000BAAD1 /* NetworkingAPI.cpp */ = {isa = PBXFileReference; fileEncoding = 4; lastKnownFileType = sourcecode.cpp.cpp; path = NetworkingAPI.cpp; sourceTree = "<group>"; };
		8F29ADF3135FE47E000BAAD1 /* NetworkingAPI.h */ = {isa = PBXFileReference; fileEncoding = 4; lastKnownFileType = sourcecode.c.h; path = NetworkingAPI.h; sourceTree = "<group>"; };
		8F29ADF5135FE786000BAAD1 /* ErrorCodes.h */ = {isa = PBXFileReference; fileEncoding = 4; lastKnownFileType = sourcecode.c.h; path = ErrorCodes.h; sourceTree = "<group>"; };
/* End PBXFileReference section */

/* Begin PBXFrameworksBuildPhase section */
		8F29ADE3135FE3BE000BAAD1 /* Frameworks */ = {
			isa = PBXFrameworksBuildPhase;
			buildActionMask = 2147483647;
			files = (
			);
			runOnlyForDeploymentPostprocessing = 0;
		};
/* End PBXFrameworksBuildPhase section */

/* Begin PBXGroup section */
		8F29ADDB135FE3BD000BAAD1 = {
			isa = PBXGroup;
			children = (
				8F29ADE9135FE3BE000BAAD1 /* Hostess */,
				8F29ADE7135FE3BE000BAAD1 /* Products */,
			);
			sourceTree = "<group>";
		};
		8F29ADE7135FE3BE000BAAD1 /* Products */ = {
			isa = PBXGroup;
			children = (
				8F29ADE6135FE3BE000BAAD1 /* Hostess */,
			);
			name = Products;
			sourceTree = "<group>";
		};
		8F29ADE9135FE3BE000BAAD1 /* Hostess */ = {
			isa = PBXGroup;
			children = (
				8F29ADEA135FE3BE000BAAD1 /* main.cpp */,
				8F29ADEC135FE3BE000BAAD1 /* Hostess.1 */,
				8F29ADF2135FE47E000BAAD1 /* NetworkingAPI.cpp */,
				8F29ADF3135FE47E000BAAD1 /* NetworkingAPI.h */,
				8F29ADF5135FE786000BAAD1 /* ErrorCodes.h */,
			);
			path = Hostess;
			sourceTree = "<group>";
		};
/* End PBXGroup section */

/* Begin PBXNativeTarget section */
		8F29ADE5135FE3BE000BAAD1 /* Hostess */ = {
			isa = PBXNativeTarget;
			buildConfigurationList = 8F29ADEF135FE3BE000BAAD1 /* Build configuration list for PBXNativeTarget "Hostess" */;
			buildPhases = (
				8F29ADE2135FE3BE000BAAD1 /* Sources */,
				8F29ADE3135FE3BE000BAAD1 /* Frameworks */,
				8F29ADE4135FE3BE000BAAD1 /* CopyFiles */,
			);
			buildRules = (
			);
			dependencies = (
			);
			name = Hostess;
			productName = Hostess;
			productReference = 8F29ADE6135FE3BE000BAAD1 /* Hostess */;
			productType = "com.apple.product-type.tool";
		};
/* End PBXNativeTarget section */

/* Begin PBXProject section */
		8F29ADDD135FE3BD000BAAD1 /* Project object */ = {
			isa = PBXProject;
			attributes = {
				ORGANIZATIONNAME = "UNLV Grad Student";
			};
			buildConfigurationList = 8F29ADE0135FE3BD000BAAD1 /* Build configuration list for PBXProject "Hostess" */;
			compatibilityVersion = "Xcode 3.2";
			developmentRegion = English;
			hasScannedForEncodings = 0;
			knownRegions = (
				en,
			);
			mainGroup = 8F29ADDB135FE3BD000BAAD1;
			productRefGroup = 8F29ADE7135FE3BE000BAAD1 /* Products */;
			projectDirPath = "";
			projectRoot = "";
			targets = (
				8F29ADE5135FE3BE000BAAD1 /* Hostess */,
			);
		};
/* End PBXProject section */

/* Begin PBXSourcesBuildPhase section */
		8F29ADE2135FE3BE000BAAD1 /* Sources */ = {
			isa = PBXSourcesBuildPhase;
			buildActionMask = 2147483647;
			files = (
				8F29ADEB135FE3BE000BAAD1 /* main.cpp in Sources */,
				8F29ADF4135FE47E000BAAD1 /* NetworkingAPI.cpp in Sources */,
			);
			runOnlyForDeploymentPostprocessing = 0;
		};
/* End PBXSourcesBuildPhase section */

/* Begin XCBuildConfiguration section */
		8F29ADED135FE3BE000BAAD1 /* Debug */ = {
			isa = XCBuildConfiguration;
			buildSettings = {
				ARCHS = "$(ARCHS_STANDARD_32_64_BIT)";
				GCC_C_LANGUAGE_STANDARD = gnu99;
				GCC_OPTIMIZATION_LEVEL = 0;
				GCC_PREPROCESSOR_DEFINITIONS = DEBUG;
				GCC_SYMBOLS_PRIVATE_EXTERN = NO;
				GCC_VERSION = com.apple.compilers.llvm.clang.1_0;
				GCC_WARN_64_TO_32_BIT_CONVERSION = YES;
				GCC_WARN_ABOUT_RETURN_TYPE = YES;
				GCC_WARN_UNUSED_VARIABLE = YES;
				MACOSX_DEPLOYMENT_TARGET = 10.6;
				ONLY_ACTIVE_ARCH = YES;
				SDKROOT = macosx;
				TEST_AFTER_BUILD = NO;
			};
			name = Debug;
		};
		8F29ADEE135FE3BE000BAAD1 /* Release */ = {
			isa = XCBuildConfiguration;
			buildSettings = {
				ARCHS = "$(ARCHS_STANDARD_32_64_BIT)";
				GCC_C_LANGUAGE_STANDARD = gnu99;
				GCC_VERSION = com.apple.compilers.llvm.clang.1_0;
				GCC_WARN_64_TO_32_BIT_CONVERSION = YES;
				GCC_WARN_ABOUT_RETURN_TYPE = YES;
				GCC_WARN_UNUSED_VARIABLE = YES;
				MACOSX_DEPLOYMENT_TARGET = 10.6;
				ONLY_ACTIVE_ARCH = YES;
				SDKROOT = macosx;
				TEST_AFTER_BUILD = NO;
			};
			name = Release;
		};
		8F29ADF0135FE3BE000BAAD1 /* Debug */ = {
			isa = XCBuildConfiguration;
			buildSettings = {
				ALWAYS_SEARCH_USER_PATHS = NO;
				COPY_PHASE_STRIP = NO;
				GCC_DYNAMIC_NO_PIC = NO;
				GCC_ENABLE_OBJC_EXCEPTIONS = YES;
				PRODUCT_NAME = "$(TARGET_NAME)";
			};
			name = Debug;
		};
		8F29ADF1135FE3BE000BAAD1 /* Release */ = {
			isa = XCBuildConfiguration;
			buildSettings = {
				ALWAYS_SEARCH_USER_PATHS = NO;
				COPY_PHASE_STRIP = YES;
				DEBUG_INFORMATION_FORMAT = "dwarf-with-dsym";
				GCC_ENABLE_OBJC_EXCEPTIONS = YES;
				PRODUCT_NAME = "$(TARGET_NAME)";
			};
			name = Release;
		};
/* End XCBuildConfiguration section */

/* Begin XCConfigurationList section */
		8F29ADE0135FE3BD000BAAD1 /* Build configuration list for PBXProject "Hostess" */ = {
			isa = XCConfigurationList;
			buildConfigurations = (
				8F29ADED135FE3BE000BAAD1 /* Debug */,
				8F29ADEE135FE3BE000BAAD1 /* Release */,
			);
			defaultConfigurationIsVisible = 0;
			defaultConfigurationName = Release;
		};
		8F29ADEF135FE3BE000BAAD1 /* Build configuration list for PBXNativeTarget "Hostess" */ = {
			isa = XCConfigurationList;
			buildConfigurations = (
				8F29ADF0135FE3BE000BAAD1 /* Debug */,
				8F29ADF1135FE3BE000BAAD1 /* Release */,
			);
			defaultConfigurationIsVisible = 0;
			defaultConfigurationName = Release;
		};
/* End XCConfigurationList section */
	};
	rootObject = 8F29ADDD135FE3BD000BAAD1 /* Project object */;
}
